{
  "name": "websocket",
  "version": "1.0.0",
  "lockfileVersion": 1,
  "requires": true,
  "dependencies": {
    "bin-protocol": {
      "version": "3.0.4",
      "resolved": "https://registry.npmjs.org/bin-protocol/-/bin-protocol-3.0.4.tgz",
      "integrity": "sha1-RlqdNQb+sOEmtStbIWDZNuFbJ/Q=",
      "requires": {
        "lodash": "4.16.4",
        "long": "3.2.0",
        "protocol-buffers-schema": "3.3.2"
      }
    },
    "bluebird": {
      "version": "3.5.1",
      "resolved": "https://registry.npmjs.org/bluebird/-/bluebird-3.5.1.tgz",
      "integrity": "sha512-MKiLiV+I1AA596t9w1sQJ8jkiSr5+ZKi0WKrYGUn6d1Fx+Ij4tIj+m2WMQSGczs5jZVxV339chE8iwk6F64wjA=="
    },
    "buffer-crc32": {
      "version": "0.2.13",
      "resolved": "https://registry.npmjs.org/buffer-crc32/-/buffer-crc32-0.2.13.tgz",
      "integrity": "sha1-DTM+PwDqxQqhRUq9MO+MKl2ackI="
    },
    "connection-parse": {
      "version": "0.0.7",
      "resolved": "https://registry.npmjs.org/connection-parse/-/connection-parse-0.0.7.tgz",
      "integrity": "sha1-GOcxiqsGppkmc3KxDFIm0locmmk="
    },
    "debug": {
      "version": "2.6.9",
      "resolved": "https://registry.npmjs.org/debug/-/debug-2.6.9.tgz",
      "integrity": "sha512-bC7ElrdJaJnPbAP+1EotYvqZsb3ecl5wi6Bfi6BJTUcNowp6cvspg0jXznRTKDjm/E7AdgFBVeAPVMNcKGsHMA==",
      "requires": {
        "ms": "2.0.0"
      }
    },
    "hashring": {
      "version": "3.2.0",
      "resolved": "https://registry.npmjs.org/hashring/-/hashring-3.2.0.tgz",
      "integrity": "sha1-/aTv3oqiLNuX+x0qZeiEAeHBRM4=",
      "requires": {
        "connection-parse": "0.0.7",
        "simple-lru-cache": "0.0.2"
      }
    },
    "isarray": {
      "version": "0.0.1",
      "resolved": "https://registry.npmjs.org/isarray/-/isarray-0.0.1.tgz",
      "integrity": "sha1-ihis/Kmo9Bd+Cav8YDiTmwXR7t8="
    },
    "kafka-proxy": {
      "version": "1.0.0",
      "resolved": "https://registry.npmjs.org/kafka-proxy/-/kafka-proxy-1.0.0.tgz",
      "integrity": "sha1-ifUzwKoUw8P1nsuEdaVJo8iw8eo=",
      "requires": {
        "debug": "2.6.9",
        "no-kafka": "2.9.2",
        "path-to-regexp": "1.7.0",
        "ws": "1.1.5"
      }
    },
    "lodash": {
      "version": "4.16.4",
      "resolved": "https://registry.npmjs.org/lodash/-/lodash-4.16.4.tgz",
      "integrity": "sha1-Ac4wa5utExnypVKGdPiCl663ASc="
    },
    "long": {
      "version": "3.2.0",
      "resolved": "https://registry.npmjs.org/long/-/long-3.2.0.tgz",
      "integrity": "sha1-2CG3E4yhy1gcFymQ7xTbIAtcR0s="
    },
    "ms": {
      "version": "2.0.0",
      "resolved": "https://registry.npmjs.org/ms/-/ms-2.0.0.tgz",
      "integrity": "sha1-VgiurfwAvmwpAd9fmGF4jeDVl8g="
    },
    "nice-simple-logger": {
      "version": "1.0.1",
      "resolved": "https://registry.npmjs.org/nice-simple-logger/-/nice-simple-logger-1.0.1.tgz",
      "integrity": "sha1-D55khSe+e+PkmrdvqMjAmK+VG/Y=",
      "requires": {
        "lodash": "4.16.4"
      }
    },
    "no-kafka": {
      "version": "2.9.2",
      "resolved": "https://registry.npmjs.org/no-kafka/-/no-kafka-2.9.2.tgz",
      "integrity": "sha1-cW7QKqtSVF7MS0v179ajhesAKV8=",
      "requires": {
        "bin-protocol": "3.0.4",
        "bluebird": "3.5.1",
        "buffer-crc32": "0.2.13",
        "hashring": "3.2.0",
        "lodash": "4.16.4",
        "nice-simple-logger": "1.0.1",
        "wrr-pool": "1.1.3"
      }
    },
    "options": {
      "version": "0.0.6",
      "resolved": "https://registry.npmjs.org/options/-/options-0.0.6.tgz",
      "integrity": "sha1-7CLTEoBrtT5zF3Pnza788cZDEo8="
    },
    "path-to-regexp": {
      "version": "1.7.0",
      "resolved": "https://registry.npmjs.org/path-to-regexp/-/path-to-regexp-1.7.0.tgz",
      "integrity": "sha1-Wf3g9DW62suhA6hOnTvGTpa5k30=",
      "requires": {
        "isarray": "0.0.1"
      }
    },
    "protocol-buffers-schema": {
      "version": "3.3.2",
      "resolved": "https://registry.npmjs.org/protocol-buffers-schema/-/protocol-buffers-schema-3.3.2.tgz",
      "integrity": "sha512-Xdayp8sB/mU+sUV4G7ws8xtYMGdQnxbeIfLjyO9TZZRJdztBGhlmbI5x1qcY4TG5hBkIKGnc28i7nXxaugu88w=="
    },
    "simple-lru-cache": {
      "version": "0.0.2",
      "resolved": "https://registry.npmjs.org/simple-lru-cache/-/simple-lru-cache-0.0.2.tgz",
      "integrity": "sha1-1ZzDoZPBpdAyD4Tucy9uRxPlEd0="
    },
    "ultron": {
      "version": "1.0.2",
      "resolved": "https://registry.npmjs.org/ultron/-/ultron-1.0.2.tgz",
      "integrity": "sha1-rOEWq1V80Zc4ak6I9GhTeMiy5Po="
    },
    "wrr-pool": {
      "version": "1.1.3",
      "resolved": "https://registry.npmjs.org/wrr-pool/-/wrr-pool-1.1.3.tgz",
      "integrity": "sha1-/a0i8uofMDY//l14HPeUl6d/8H4=",
      "requires": {
        "lodash": "4.16.4"
      }
    },
    "ws": {
      "version": "1.1.5",
      "resolved": "https://registry.npmjs.org/ws/-/ws-1.1.5.tgz",
      "integrity": "sha512-o3KqipXNUdS7wpQzBHSe180lBGO60SoK0yVo3CYJgb2MkobuWuBX6dhkYP5ORCLd55y+SaflMOV5fqAB53ux4w==",
      "requires": {
        "options": "0.0.6",
        "ultron": "1.0.2"
      }
    }
  }
}
